# THIS IS AN AUTOGENERATED FILE. DO NOT EDIT THIS FILE DIRECTLY.
# yarn lockfile v1


"@botsocket/bone@^1.0.0":
  version "1.0.0"
  resolved "https://registry.yarnpkg.com/@botsocket/bone/-/bone-1.0.0.tgz#578005af49e45613302a9092876c634c7095430f"
  integrity sha512-tKVWAV2itb86oSuK9skHQFmMpHao12kEPb9A7kP1PReo/WwlyHk0WYWO7jYOTJHXP83YZpCPzd0+d64uM/FOAA==

"@botsocket/copal@^1.0.0":
  version "1.0.2"
  resolved "https://registry.yarnpkg.com/@botsocket/copal/-/copal-1.0.2.tgz#44678d0a2d9d4cfd0a8df06e1e96fa1d017826a9"
  integrity sha512-qPsA8eDWX0ZReuhGM13DzcfHiCtnI/ukZb88BZ4DGGGxdFMpVsIZ3ulpwaqce9WCVp9worO0xWT6dXz4AFXn9w==
  dependencies:
    "@botsocket/bone" "^1.0.0"

"@botsocket/jade@^1.0.0":
  version "1.0.2"
  resolved "https://registry.yarnpkg.com/@botsocket/jade/-/jade-1.0.2.tgz#e1977bd92e3b73394be2bb0e3cf72f5813b3601f"
  integrity sha512-cdpwKdK+aIqHtPt16sm90AeiPM++sLsLnPLbq0xT6vTfUKs73twra7Iy7FW3nVMXK+MAinTUin0UCjQ5fXG6nQ==
  dependencies:
    "@botsocket/bone" "^1.0.0"
    "@botsocket/copal" "^1.0.0"
    "@botsocket/topaz" "^1.0.0"

"@botsocket/quartz@^1.0.2":
  version "1.0.2"
  resolved "https://registry.yarnpkg.com/@botsocket/quartz/-/quartz-1.0.2.tgz#807172ebebc9790b80e8a85968aa233147a5f8ce"
  integrity sha512-t0f/Anc6vFyyICk2LfwKPmQFGpXrBII6TY5ZCS+bFmSuQ4qICRc9DbHlZtGO+Qns8KneiGbdFeBR2EqJrG67Fg==
  dependencies:
    "@botsocket/bone" "^1.0.0"
    "@botsocket/jade" "^1.0.0"
    ws "^7.3.1"

"@botsocket/topaz@^1.0.0":
  version "1.0.1"
  resolved "https://registry.yarnpkg.com/@botsocket/topaz/-/topaz-1.0.1.tgz#93832ecd534ce48f379ae29e44b5272e926aa08a"
  integrity sha512-hHeLkMlgZ+2rQKb5q/YWeqAANWfSnF4HszUSFp/TGunjyZjdAwTXMLaj0NoHgO/OzSEmCylEgO6pikdrlwMVCg==
  dependencies:
    "@botsocket/bone" "^1.0.0"

ws@^7.3.1:
  version "7.5.5"
  resolved "https://registry.yarnpkg.com/ws/-/ws-7.5.5.tgz#8b4bc4af518cfabd0473ae4f99144287b33eb881"
  integrity sha512-BAkMFcAzl8as1G/hArkxOxq3G7pjUqQ3gzYbLL0/5zNkph70e+lCoxBGnm6AW1+/aiNeV4fnKqZ8m4GZewmH2w==

ws@^8.2.3:
  version "8.2.3"
  resolved "https://registry.yarnpkg.com/ws/-/ws-8.2.3.tgz#63a56456db1b04367d0b721a0b80cae6d8becbba"
  integrity sha512-wBuoj1BDpC6ZQ1B7DWQBYVLphPWkm8i9Y0/3YdHjHKHiohOJ1ws+3OccDWtH+PoC9DZD5WOTrJvNbWvjS6JWaA==
